// !$*UTF8*$!
{
	archiveVersion = 1;
	classes = {
	};
	objectVersion = 46;
	objects = {

/* Begin PBXBuildFile section */
		54F5F8EB1980D44C00EEC9C5 /* Foundation.framework in Frameworks */ = {isa = PBXBuildFile; fileRef = 54F5F8EA1980D44C00EEC9C5 /* Foundation.framework */; };
		54F5F8ED1980D44C00EEC9C5 /* CoreGraphics.framework in Frameworks */ = {isa = PBXBuildFile; fileRef = 54F5F8EC1980D44C00EEC9C5 /* CoreGraphics.framework */; };
		54F5F8EF1980D44C00EEC9C5 /* UIKit.framework in Frameworks */ = {isa = PBXBuildFile; fileRef = 54F5F8EE1980D44C00EEC9C5 /* UIKit.framework */; };
		54F5F8F11980D44C00EEC9C5 /* CoreData.framework in Frameworks */ = {isa = PBXBuildFile; fileRef = 54F5F8F01980D44C00EEC9C5 /* CoreData.framework */; };
		54F5F8F71980D44C00EEC9C5 /* InfoPlist.strings in Resources */ = {isa = PBXBuildFile; fileRef = 54F5F8F51980D44C00EEC9C5 /* InfoPlist.strings */; };
		54F5F8F91980D44C00EEC9C5 /* main.m in Sources */ = {isa = PBXBuildFile; fileRef = 54F5F8F81980D44C00EEC9C5 /* main.m */; };
		54F5F8FD1980D44C00EEC9C5 /* VVAppDelegate.m in Sources */ = {isa = PBXBuildFile; fileRef = 54F5F8FC1980D44C00EEC9C5 /* VVAppDelegate.m */; };
		54F5F9001980D44C00EEC9C5 /* Main.storyboard in Resources */ = {isa = PBXBuildFile; fileRef = 54F5F8FE1980D44C00EEC9C5 /* Main.storyboard */; };
		54F5F9031980D44C00EEC9C5 /* rentor.xcdatamodeld in Sources */ = {isa = PBXBuildFile; fileRef = 54F5F9011980D44C00EEC9C5 /* rentor.xcdatamodeld */; };
		54F5F9061980D44C00EEC9C5 /* VVMasterViewController.m in Sources */ = {isa = PBXBuildFile; fileRef = 54F5F9051980D44C00EEC9C5 /* VVMasterViewController.m */; };
		54F5F9091980D44C00EEC9C5 /* VVDetailViewController.m in Sources */ = {isa = PBXBuildFile; fileRef = 54F5F9081980D44C00EEC9C5 /* VVDetailViewController.m */; };
		54F5F90B1980D44C00EEC9C5 /* Images.xcassets in Resources */ = {isa = PBXBuildFile; fileRef = 54F5F90A1980D44C00EEC9C5 /* Images.xcassets */; };
		54F5F9121980D44C00EEC9C5 /* XCTest.framework in Frameworks */ = {isa = PBXBuildFile; fileRef = 54F5F9111980D44C00EEC9C5 /* XCTest.framework */; };
		54F5F9131980D44C00EEC9C5 /* Foundation.framework in Frameworks */ = {isa = PBXBuildFile; fileRef = 54F5F8EA1980D44C00EEC9C5 /* Foundation.framework */; };
		54F5F9141980D44C00EEC9C5 /* UIKit.framework in Frameworks */ = {isa = PBXBuildFile; fileRef = 54F5F8EE1980D44C00EEC9C5 /* UIKit.framework */; };
		54F5F9151980D44C00EEC9C5 /* CoreData.framework in Frameworks */ = {isa = PBXBuildFile; fileRef = 54F5F8F01980D44C00EEC9C5 /* CoreData.framework */; };
		54F5F91D1980D44C00EEC9C5 /* InfoPlist.strings in Resources */ = {isa = PBXBuildFile; fileRef = 54F5F91B1980D44C00EEC9C5 /* InfoPlist.strings */; };
		54F5F91F1980D44C00EEC9C5 /* rentorTests.m in Sources */ = {isa = PBXBuildFile; fileRef = 54F5F91E1980D44C00EEC9C5 /* rentorTests.m */; };
/* End PBXBuildFile section */

/* Begin PBXContainerItemProxy section */
		54F5F9161980D44C00EEC9C5 /* PBXContainerItemProxy */ = {
			isa = PBXContainerItemProxy;
			containerPortal = 54F5F8DF1980D44C00EEC9C5 /* Project object */;
			proxyType = 1;
			remoteGlobalIDString = 54F5F8E61980D44C00EEC9C5;
			remoteInfo = rentor;
		};
/* End PBXContainerItemProxy section */

/* Begin PBXFileReference section */
		54F5F8E71980D44C00EEC9C5 /* rentor.app */ = {isa = PBXFileReference; explicitFileType = wrapper.application; includeInIndex = 0; path = rentor.app; sourceTree = BUILT_PRODUCTS_DIR; };
		54F5F8EA1980D44C00EEC9C5 /* Foundation.framework */ = {isa = PBXFileReference; lastKnownFileType = wrapper.framework; name = Foundation.framework; path = System/Library/Frameworks/Foundation.framework; sourceTree = SDKROOT; };
		54F5F8EC1980D44C00EEC9C5 /* CoreGraphics.framework */ = {isa = PBXFileReference; lastKnownFileType = wrapper.framework; name = CoreGraphics.framework; path = System/Library/Frameworks/CoreGraphics.framework; sourceTree = SDKROOT; };
		54F5F8EE1980D44C00EEC9C5 /* UIKit.framework */ = {isa = PBXFileReference; lastKnownFileType = wrapper.framework; name = UIKit.framework; path = System/Library/Frameworks/UIKit.framework; sourceTree = SDKROOT; };
		54F5F8F01980D44C00EEC9C5 /* CoreData.framework */ = {isa = PBXFileReference; lastKnownFileType = wrapper.framework; name = CoreData.framework; path = System/Library/Frameworks/CoreData.framework; sourceTree = SDKROOT; };
		54F5F8F41980D44C00EEC9C5 /* rentor-Info.plist */ = {isa = PBXFileReference; lastKnownFileType = text.plist.xml; path = "rentor-Info.plist"; sourceTree = "<group>"; };
		54F5F8F61980D44C00EEC9C5 /* en */ = {isa = PBXFileReference; lastKnownFileType = text.plist.strings; name = en; path = en.lproj/InfoPlist.strings; sourceTree = "<group>"; };
		54F5F8F81980D44C00EEC9C5 /* main.m */ = {isa = PBXFileReference; lastKnownFileType = sourcecode.c.objc; path = main.m; sourceTree = "<group>"; };
		54F5F8FA1980D44C00EEC9C5 /* rentor-Prefix.pch */ = {isa = PBXFileReference; lastKnownFileType = sourcecode.c.h; path = "rentor-Prefix.pch"; sourceTree = "<group>"; };
		54F5F8FB1980D44C00EEC9C5 /* VVAppDelegate.h */ = {isa = PBXFileReference; lastKnownFileType = sourcecode.c.h; path = VVAppDelegate.h; sourceTree = "<group>"; };
		54F5F8FC1980D44C00EEC9C5 /* VVAppDelegate.m */ = {isa = PBXFileReference; lastKnownFileType = sourcecode.c.objc; path = VVAppDelegate.m; sourceTree = "<group>"; };
		54F5F8FF1980D44C00EEC9C5 /* Base */ = {isa = PBXFileReference; lastKnownFileType = file.storyboard; name = Base; path = Base.lproj/Main.storyboard; sourceTree = "<group>"; };
		54F5F9021980D44C00EEC9C5 /* rentor.xcdatamodel */ = {isa = PBXFileReference; lastKnownFileType = wrapper.xcdatamodel; path = rentor.xcdatamodel; sourceTree = "<group>"; };
		54F5F9041980D44C00EEC9C5 /* VVMasterViewController.h */ = {isa = PBXFileReference; lastKnownFileType = sourcecode.c.h; path = VVMasterViewController.h; sourceTree = "<group>"; };
		54F5F9051980D44C00EEC9C5 /* VVMasterViewController.m */ = {isa = PBXFileReference; lastKnownFileType = sourcecode.c.objc; path = VVMasterViewController.m; sourceTree = "<group>"; };
		54F5F9071980D44C00EEC9C5 /* VVDetailViewController.h */ = {isa = PBXFileReference; lastKnownFileType = sourcecode.c.h; path = VVDetailViewController.h; sourceTree = "<group>"; };
		54F5F9081980D44C00EEC9C5 /* VVDetailViewController.m */ = {isa = PBXFileReference; lastKnownFileType = sourcecode.c.objc; path = VVDetailViewController.m; sourceTree = "<group>"; };
		54F5F90A1980D44C00EEC9C5 /* Images.xcassets */ = {isa = PBXFileReference; lastKnownFileType = folder.assetcatalog; path = Images.xcassets; sourceTree = "<group>"; };
		54F5F9101980D44C00EEC9C5 /* rentorTests.xctest */ = {isa = PBXFileReference; explicitFileType = wrapper.cfbundle; includeInIndex = 0; path = rentorTests.xctest; sourceTree = BUILT_PRODUCTS_DIR; };
		54F5F9111980D44C00EEC9C5 /* XCTest.framework */ = {isa = PBXFileReference; lastKnownFileType = wrapper.framework; name = XCTest.framework; path = Library/Frameworks/XCTest.framework; sourceTree = DEVELOPER_DIR; };
		54F5F91A1980D44C00EEC9C5 /* rentorTests-Info.plist */ = {isa = PBXFileReference; lastKnownFileType = text.plist.xml; path = "rentorTests-Info.plist"; sourceTree = "<group>"; };
		54F5F91C1980D44C00EEC9C5 /* en */ = {isa = PBXFileReference; lastKnownFileType = text.plist.strings; name = en; path = en.lproj/InfoPlist.strings; sourceTree = "<group>"; };
		54F5F91E1980D44C00EEC9C5 /* rentorTests.m */ = {isa = PBXFileReference; lastKnownFileType = sourcecode.c.objc; path = rentorTests.m; sourceTree = "<group>"; };
/* End PBXFileReference section */

/* Begin PBXFrameworksBuildPhase section */
		54F5F8E41980D44C00EEC9C5 /* Frameworks */ = {
			isa = PBXFrameworksBuildPhase;
			buildActionMask = 2147483647;
			files = (
				54F5F8ED1980D44C00EEC9C5 /* CoreGraphics.framework in Frameworks */,
				54F5F8F11980D44C00EEC9C5 /* CoreData.framework in Frameworks */,
				54F5F8EF1980D44C00EEC9C5 /* UIKit.framework in Frameworks */,
				54F5F8EB1980D44C00EEC9C5 /* Foundation.framework in Frameworks */,
			);
			runOnlyForDeploymentPostprocessing = 0;
		};
		54F5F90D1980D44C00EEC9C5 /* Frameworks */ = {
			isa = PBXFrameworksBuildPhase;
			buildActionMask = 2147483647;
			files = (
				54F5F9121980D44C00EEC9C5 /* XCTest.framework in Frameworks */,
				54F5F9151980D44C00EEC9C5 /* CoreData.framework in Frameworks */,
				54F5F9141980D44C00EEC9C5 /* UIKit.framework in Frameworks */,
				54F5F9131980D44C00EEC9C5 /* Foundation.framework in Frameworks */,
			);
			runOnlyForDeploymentPostprocessing = 0;
		};
/* End PBXFrameworksBuildPhase section */

/* Begin PBXGroup section */
		54F5F8DE1980D44C00EEC9C5 = {
			isa = PBXGroup;
			children = (
				54F5F8F21980D44C00EEC9C5 /* rentor */,
				54F5F9181980D44C00EEC9C5 /* rentorTests */,
				54F5F8E91980D44C00EEC9C5 /* Frameworks */,
				54F5F8E81980D44C00EEC9C5 /* Products */,
			);
			sourceTree = "<group>";
		};
		54F5F8E81980D44C00EEC9C5 /* Products */ = {
			isa = PBXGroup;
			children = (
				54F5F8E71980D44C00EEC9C5 /* rentor.app */,
				54F5F9101980D44C00EEC9C5 /* rentorTests.xctest */,
			);
			name = Products;
			sourceTree = "<group>";
		};
		54F5F8E91980D44C00EEC9C5 /* Frameworks */ = {
			isa = PBXGroup;
			children = (
				54F5F8EA1980D44C00EEC9C5 /* Foundation.framework */,
				54F5F8EC1980D44C00EEC9C5 /* CoreGraphics.framework */,
				54F5F8EE1980D44C00EEC9C5 /* UIKit.framework */,
				54F5F8F01980D44C00EEC9C5 /* CoreData.framework */,
				54F5F9111980D44C00EEC9C5 /* XCTest.framework */,
			);
			name = Frameworks;
			sourceTree = "<group>";
		};
		54F5F8F21980D44C00EEC9C5 /* rentor */ = {
			isa = PBXGroup;
			children = (
				54F5F8FB1980D44C00EEC9C5 /* VVAppDelegate.h */,
				54F5F8FC1980D44C00EEC9C5 /* VVAppDelegate.m */,
				54F5F8FE1980D44C00EEC9C5 /* Main.storyboard */,
				54F5F9041980D44C00EEC9C5 /* VVMasterViewController.h */,
				54F5F9051980D44C00EEC9C5 /* VVMasterViewController.m */,
				54F5F9071980D44C00EEC9C5 /* VVDetailViewController.h */,
				54F5F9081980D44C00EEC9C5 /* VVDetailViewController.m */,
				54F5F90A1980D44C00EEC9C5 /* Images.xcassets */,
				54F5F9011980D44C00EEC9C5 /* rentor.xcdatamodeld */,
				54F5F8F31980D44C00EEC9C5 /* Supporting Files */,
			);
			path = rentor;
			sourceTree = "<group>";
		};
		54F5F8F31980D44C00EEC9C5 /* Supporting Files */ = {
			isa = PBXGroup;
			children = (
				54F5F8F41980D44C00EEC9C5 /* rentor-Info.plist */,
				54F5F8F51980D44C00EEC9C5 /* InfoPlist.strings */,
				54F5F8F81980D44C00EEC9C5 /* main.m */,
				54F5F8FA1980D44C00EEC9C5 /* rentor-Prefix.pch */,
			);
			name = "Supporting Files";
			sourceTree = "<group>";
		};
		54F5F9181980D44C00EEC9C5 /* rentorTests */ = {
			isa = PBXGroup;
			children = (
				54F5F91E1980D44C00EEC9C5 /* rentorTests.m */,
				54F5F9191980D44C00EEC9C5 /* Supporting Files */,
			);
			path = rentorTests;
			sourceTree = "<group>";
		};
		54F5F9191980D44C00EEC9C5 /* Supporting Files */ = {
			isa = PBXGroup;
			children = (
				54F5F91A1980D44C00EEC9C5 /* rentorTests-Info.plist */,
				54F5F91B1980D44C00EEC9C5 /* InfoPlist.strings */,
			);
			name = "Supporting Files";
			sourceTree = "<group>";
		};
/* End PBXGroup section */

/* Begin PBXNativeTarget section */
		54F5F8E61980D44C00EEC9C5 /* rentor */ = {
			isa = PBXNativeTarget;
			buildConfigurationList = 54F5F9221980D44C00EEC9C5 /* Build configuration list for PBXNativeTarget "rentor" */;
			buildPhases = (
				54F5F8E31980D44C00EEC9C5 /* Sources */,
				54F5F8E41980D44C00EEC9C5 /* Frameworks */,
				54F5F8E51980D44C00EEC9C5 /* Resources */,
			);
			buildRules = (
			);
			dependencies = (
			);
			name = rentor;
			productName = rentor;
			productReference = 54F5F8E71980D44C00EEC9C5 /* rentor.app */;
			productType = "com.apple.product-type.application";
		};
		54F5F90F1980D44C00EEC9C5 /* rentorTests */ = {
			isa = PBXNativeTarget;
			buildConfigurationList = 54F5F9251980D44C00EEC9C5 /* Build configuration list for PBXNativeTarget "rentorTests" */;
			buildPhases = (
				54F5F90C1980D44C00EEC9C5 /* Sources */,
				54F5F90D1980D44C00EEC9C5 /* Frameworks */,
				54F5F90E1980D44C00EEC9C5 /* Resources */,
			);
			buildRules = (
			);
			dependencies = (
				54F5F9171980D44C00EEC9C5 /* PBXTargetDependency */,
			);
			name = rentorTests;
			productName = rentorTests;
			productReference = 54F5F9101980D44C00EEC9C5 /* rentorTests.xctest */;
			productType = "com.apple.product-type.bundle.unit-test";
		};
/* End PBXNativeTarget section */

/* Begin PBXProject section */
		54F5F8DF1980D44C00EEC9C5 /* Project object */ = {
			isa = PBXProject;
			attributes = {
				CLASSPREFIX = VV;
				LastUpgradeCheck = 0510;
				ORGANIZATIONNAME = "A-Mobile LLC";
				TargetAttributes = {
					54F5F90F1980D44C00EEC9C5 = {
						TestTargetID = 54F5F8E61980D44C00EEC9C5;
					};
				};
			};
			buildConfigurationList = 54F5F8E21980D44C00EEC9C5 /* Build configuration list for PBXProject "rentor" */;
			compatibilityVersion = "Xcode 3.2";
			developmentRegion = English;
			hasScannedForEncodings = 0;
			knownRegions = (
				en,
				Base,
			);
			mainGroup = 54F5F8DE1980D44C00EEC9C5;
			productRefGroup = 54F5F8E81980D44C00EEC9C5 /* Products */;
			projectDirPath = "";
			projectRoot = "";
			targets = (
				54F5F8E61980D44C00EEC9C5 /* rentor */,
				54F5F90F1980D44C00EEC9C5 /* rentorTests */,
			);
		};
/* End PBXProject section */

/* Begin PBXResourcesBuildPhase section */
		54F5F8E51980D44C00EEC9C5 /* Resources */ = {
			isa = PBXResourcesBuildPhase;
			buildActionMask = 2147483647;
			files = (
				54F5F90B1980D44C00EEC9C5 /* Images.xcassets in Resources */,
				54F5F8F71980D44C00EEC9C5 /* InfoPlist.strings in Resources */,
				54F5F9001980D44C00EEC9C5 /* Main.storyboard in Resources */,
			);
			runOnlyForDeploymentPostprocessing = 0;
		};
		54F5F90E1980D44C00EEC9C5 /* Resources */ = {
			isa = PBXResourcesBuildPhase;
			buildActionMask = 2147483647;
			files = (
				54F5F91D1980D44C00EEC9C5 /* InfoPlist.strings in Resources */,
			);
			runOnlyForDeploymentPostprocessing = 0;
		};
/* End PBXResourcesBuildPhase section */

/* Begin PBXSourcesBuildPhase section */
		54F5F8E31980D44C00EEC9C5 /* Sources */ = {
			isa = PBXSourcesBuildPhase;
			buildActionMask = 2147483647;
			files = (
				54F5F8FD1980D44C00EEC9C5 /* VVAppDelegate.m in Sources */,
				54F5F9091980D44C00EEC9C5 /* VVDetailViewController.m in Sources */,
				54F5F8F91980D44C00EEC9C5 /* main.m in Sources */,
				54F5F9061980D44C00EEC9C5 /* VVMasterViewController.m in Sources */,
				54F5F9031980D44C00EEC9C5 /* rentor.xcdatamodeld in Sources */,
			);
			runOnlyForDeploymentPostprocessing = 0;
		};
		54F5F90C1980D44C00EEC9C5 /* Sources */ = {
			isa = PBXSourcesBuildPhase;
			buildActionMask = 2147483647;
			files = (
				54F5F91F1980D44C00EEC9C5 /* rentorTests.m in Sources */,
			);
			runOnlyForDeploymentPostprocessing = 0;
		};
/* End PBXSourcesBuildPhase section */

/* Begin PBXTargetDependency section */
		54F5F9171980D44C00EEC9C5 /* PBXTargetDependency */ = {
			isa = PBXTargetDependency;
			target = 54F5F8E61980D44C00EEC9C5 /* rentor */;
			targetProxy = 54F5F9161980D44C00EEC9C5 /* PBXContainerItemProxy */;
		};
/* End PBXTargetDependency section */

/* Begin PBXVariantGroup section */
		54F5F8F51980D44C00EEC9C5 /* InfoPlist.strings */ = {
			isa = PBXVariantGroup;
			children = (
				54F5F8F61980D44C00EEC9C5 /* en */,
			);
			name = InfoPlist.strings;
			sourceTree = "<group>";
		};
		54F5F8FE1980D44C00EEC9C5 /* Main.storyboard */ = {
			isa = PBXVariantGroup;
			children = (
				54F5F8FF1980D44C00EEC9C5 /* Base */,
			);
			name = Main.storyboard;
			sourceTree = "<group>";
		};
		54F5F91B1980D44C00EEC9C5 /* InfoPlist.strings */ = {
			isa = PBXVariantGroup;
			children = (
				54F5F91C1980D44C00EEC9C5 /* en */,
			);
			name = InfoPlist.strings;
			sourceTree = "<group>";
		};
/* End PBXVariantGroup section */

/* Begin XCBuildConfiguration section */
		54F5F9201980D44C00EEC9C5 /* Debug */ = {
			isa = XCBuildConfiguration;
			buildSettings = {
				ALWAYS_SEARCH_USER_PATHS = NO;
				CLANG_CXX_LANGUAGE_STANDARD = "gnu++0x";
				CLANG_CXX_LIBRARY = "libc++";
				CLANG_ENABLE_MODULES = YES;
				CLANG_ENABLE_OBJC_ARC = YES;
				CLANG_WARN_BOOL_CONVERSION = YES;
				CLANG_WARN_CONSTANT_CONVERSION = YES;
				CLANG_WARN_DIRECT_OBJC_ISA_USAGE = YES_ERROR;
				CLANG_WARN_EMPTY_BODY = YES;
				CLANG_WARN_ENUM_CONVERSION = YES;
				CLANG_WARN_INT_CONVERSION = YES;
				CLANG_WARN_OBJC_ROOT_CLASS = YES_ERROR;
				CLANG_WARN__DUPLICATE_METHOD_MATCH = YES;
				"CODE_SIGN_IDENTITY[sdk=iphoneos*]" = "iPhone Developer";
				COPY_PHASE_STRIP = NO;
				GCC_C_LANGUAGE_STANDARD = gnu99;
				GCC_DYNAMIC_NO_PIC = NO;
				GCC_OPTIMIZATION_LEVEL = 0;
				GCC_PREPROCESSOR_DEFINITIONS = (
					"DEBUG=1",
					"$(inherited)",
				);
				GCC_SYMBOLS_PRIVATE_EXTERN = NO;
				GCC_WARN_64_TO_32_BIT_CONVERSION = YES;
				GCC_WARN_ABOUT_RETURN_TYPE = YES_ERROR;
				GCC_WARN_UNDECLARED_SELECTOR = YES;
				GCC_WARN_UNINITIALIZED_AUTOS = YES_AGGRESSIVE;
				GCC_WARN_UNUSED_FUNCTION = YES;
				GCC_WARN_UNUSED_VARIABLE = YES;
				IPHONEOS_DEPLOYMENT_TARGET = 7.1;
				ONLY_ACTIVE_ARCH = YES;
				SDKROOT = iphoneos;
			};
			name = Debug;
		};
		54F5F9211980D44C00EEC9C5 /* Release */ = {
			isa = XCBuildConfiguration;
			buildSettings = {
				ALWAYS_SEARCH_USER_PATHS = NO;
				CLANG_CXX_LANGUAGE_STANDARD = "gnu++0x";
				CLANG_CXX_LIBRARY = "libc++";
				CLANG_ENABLE_MODULES = YES;
				CLANG_ENABLE_OBJC_ARC = YES;
				CLANG_WARN_BOOL_CONVERSION = YES;
				CLANG_WARN_CONSTANT_CONVERSION = YES;
				CLANG_WARN_DIRECT_OBJC_ISA_USAGE = YES_ERROR;
				CLANG_WARN_EMPTY_BODY = YES;
				CLANG_WARN_ENUM_CONVERSION = YES;
				CLANG_WARN_INT_CONVERSION = YES;
				CLANG_WARN_OBJC_ROOT_CLASS = YES_ERROR;
				CLANG_WARN__DUPLICATE_METHOD_MATCH = YES;
				"CODE_SIGN_IDENTITY[sdk=iphoneos*]" = "iPhone Developer";
				COPY_PHASE_STRIP = YES;
				ENABLE_NS_ASSERTIONS = NO;
				GCC_C_LANGUAGE_STANDARD = gnu99;
				GCC_WARN_64_TO_32_BIT_CONVERSION = YES;
				GCC_WARN_ABOUT_RETURN_TYPE = YES_ERROR;
				GCC_WARN_UNDECLARED_SELECTOR = YES;
				GCC_WARN_UNINITIALIZED_AUTOS = YES_AGGRESSIVE;
				GCC_WARN_UNUSED_FUNCTION = YES;
				GCC_WARN_UNUSED_VARIABLE = YES;
				IPHONEOS_DEPLOYMENT_TARGET = 7.1;
				SDKROOT = iphoneos;
				VALIDATE_PRODUCT = YES;
			};
			name = Release;
		};
		54F5F9231980D44C00EEC9C5 /* Debug */ = {
			isa = XCBuildConfiguration;
			buildSettings = {
				ASSETCATALOG_COMPILER_APPICON_NAME = AppIcon;
				ASSETCATALOG_COMPILER_LAUNCHIMAGE_NAME = LaunchImage;
				GCC_PRECOMPILE_PREFIX_HEADER = YES;
				GCC_PREFIX_HEADER = "rentor/rentor-Prefix.pch";
				INFOPLIST_FILE = "rentor/rentor-Info.plist";
				PRODUCT_NAME = "$(TARGET_NAME)";
				WRAPPER_EXTENSION = app;
			};
			name = Debug;
		};
		54F5F9241980D44C00EEC9C5 /* Release */ = {
			isa = XCBuildConfiguration;
			buildSettings = {
				ASSETCATALOG_COMPILER_APPICON_NAME = AppIcon;
				ASSETCATALOG_COMPILER_LAUNCHIMAGE_NAME = LaunchImage;
				GCC_PRECOMPILE_PREFIX_HEADER = YES;
				GCC_PREFIX_HEADER = "rentor/rentor-Prefix.pch";
				INFOPLIST_FILE = "rentor/rentor-Info.plist";
				PRODUCT_NAME = "$(TARGET_NAME)";
				WRAPPER_EXTENSION = app;
			};
			name = Release;
		};
		54F5F9261980D44C00EEC9C5 /* Debug */ = {
			isa = XCBuildConfiguration;
			buildSettings = {
				BUNDLE_LOADER = "$(BUILT_PRODUCTS_DIR)/rentor.app/rentor";
				FRAMEWORK_SEARCH_PATHS = (
					"$(SDKROOT)/Developer/Library/Frameworks",
					"$(inherited)",
					"$(DEVELOPER_FRAMEWORKS_DIR)",
				);
				GCC_PRECOMPILE_PREFIX_HEADER = YES;
				GCC_PREFIX_HEADER = "rentor/rentor-Prefix.pch";
				GCC_PREPROCESSOR_DEFINITIONS = (
					"DEBUG=1",
					"$(inherited)",
				);
				INFOPLIST_FILE = "rentorTests/rentorTests-Info.plist";
				PRODUCT_NAME = "$(TARGET_NAME)";
				TEST_HOST = "$(BUNDLE_LOADER)";
				WRAPPER_EXTENSION = xctest;
			};
			name = Debug;
		};
		54F5F9271980D44C00EEC9C5 /* Release */ = {
			isa = XCBuildConfiguration;
			buildSettings = {
				BUNDLE_LOADER = "$(BUILT_PRODUCTS_DIR)/rentor.app/rentor";
				FRAMEWORK_SEARCH_PATHS = (
					"$(SDKROOT)/Developer/Library/Frameworks",
					"$(inherited)",
					"$(DEVELOPER_FRAMEWORKS_DIR)",
				);
				GCC_PRECOMPILE_PREFIX_HEADER = YES;
				GCC_PREFIX_HEADER = "rentor/rentor-Prefix.pch";
				INFOPLIST_FILE = "rentorTests/rentorTests-Info.plist";
				PRODUCT_NAME = "$(TARGET_NAME)";
				TEST_HOST = "$(BUNDLE_LOADER)";
				WRAPPER_EXTENSION = xctest;
			};
			name = Release;
		};
/* End XCBuildConfiguration section */

/* Begin XCConfigurationList section */
		54F5F8E21980D44C00EEC9C5 /* Build configuration list for PBXProject "rentor" */ = {
			isa = XCConfigurationList;
			buildConfigurations = (
				54F5F9201980D44C00EEC9C5 /* Debug */,
				54F5F9211980D44C00EEC9C5 /* Release */,
			);
			defaultConfigurationIsVisible = 0;
			defaultConfigurationName = Release;
		};
		54F5F9221980D44C00EEC9C5 /* Build configuration list for PBXNativeTarget "rentor" */ = {
			isa = XCConfigurationList;
			buildConfigurations = (
				54F5F9231980D44C00EEC9C5 /* Debug */,
				54F5F9241980D44C00EEC9C5 /* Release */,
			);
			defaultConfigurationIsVisible = 0;
		};
		54F5F9251980D44C00EEC9C5 /* Build configuration list for PBXNativeTarget "rentorTests" */ = {
			isa = XCConfigurationList;
			buildConfigurations = (
				54F5F9261980D44C00EEC9C5 /* Debug */,
				54F5F9271980D44C00EEC9C5 /* Release */,
			);
			defaultConfigurationIsVisible = 0;
		};
/* End XCConfigurationList section */

/* Begin XCVersionGroup section */
		54F5F9011980D44C00EEC9C5 /* rentor.xcdatamodeld */ = {
			isa = XCVersionGroup;
			children = (
				54F5F9021980D44C00EEC9C5 /* rentor.xcdatamodel */,
			);
			currentVersion = 54F5F9021980D44C00EEC9C5 /* rentor.xcdatamodel */;
			path = rentor.xcdatamodeld;
			sourceTree = "<group>";
			versionGroupType = wrapper.xcdatamodel;
		};
/* End XCVersionGroup section */
	};
	rootObject = 54F5F8DF1980D44C00EEC9C5 /* Project object */;
}
